Microsoft Visual Studio Solution File, Format Version 12.00
# Visual Studio Version 17
VisualStudioVersion = 17.5.2.0
MinimumVisualStudioVersion = 10.0.40219.1
Project("{FAE04EC0-301F-11D3-BF4B-00C04F79EFBC}") = "DellOAuthHomework", "DellOAuthHomework.csproj", "{43382A5E-44AF-E477-6188-BA581D919541}"
EndProject
Global
	GlobalSection(SolutionConfigurationPlatforms) = preSolution
		Debug|Any CPU = Debug|Any CPU
		Release|Any CPU = Release|Any CPU
	EndGlobalSection
	GlobalSection(ProjectConfigurationPlatforms) = postSolution
		{43382A5E-44AF-E477-6188-BA581D919541}.Debug|Any CPU.ActiveCfg = Debug|Any CPU
		{43382A5E-44AF-E477-6188-BA581D919541}.Debug|Any CPU.Build.0 = Debug|Any CPU
		{43382A5E-44AF-E477-6188-BA581D919541}.Release|Any CPU.ActiveCfg = Release|Any CPU
		{43382A5E-44AF-E477-6188-BA581D919541}.Release|Any CPU.Build.0 = Release|Any CPU
	EndGlobalSection
	GlobalSection(SolutionProperties) = preSolution
		HideSolutionNode = FALSE
	EndGlobalSection
	GlobalSection(ExtensibilityGlobals) = postSolution
		SolutionGuid = {5BE88249-6876-475B-A990-EFDF1BCF099B}
	EndGlobalSection
EndGlobal
